
Microsoft Visual Studio Solution File, Format Version 12.00
# Visual Studio 15
VisualStudioVersion = 15.0.28307.102
MinimumVisualStudioVersion = 10.0.40219.1
Project("{FAE04EC0-301F-11D3-BF4B-00C04F79EFBC}") = "Products", "Products\Products.csproj", "{93E9467B-1E63-4DEC-A846-7FAF14D30B31}"
EndProject
Project("{FAE04EC0-301F-11D3-BF4B-00C04F79EFBC}") = "DataAccess", "DataAccess\DataAccess.csproj", "{CECD48A8-7653-4AD6-8276-5F60B3406517}"
EndProject
Project("{FAE04EC0-301F-11D3-BF4B-00C04F79EFBC}") = "DataEntities", "DataEntities\DataEntities.csproj", "{83A1FBE2-A274-4364-807F-DBC1A84C725C}"
EndProject
Global
	GlobalSection(SolutionConfigurationPlatforms) = preSolution
		Debug|Any CPU = Debug|Any CPU
		Release|Any CPU = Release|Any CPU
	EndGlobalSection
	GlobalSection(ProjectConfigurationPlatforms) = postSolution
		{93E9467B-1E63-4DEC-A846-7FAF14D30B31}.Debug|Any CPU.ActiveCfg = Debug|Any CPU
		{93E9467B-1E63-4DEC-A846-7FAF14D30B31}.Debug|Any CPU.Build.0 = Debug|Any CPU
		{93E9467B-1E63-4DEC-A846-7FAF14D30B31}.Release|Any CPU.ActiveCfg = Release|Any CPU
		{93E9467B-1E63-4DEC-A846-7FAF14D30B31}.Release|Any CPU.Build.0 = Release|Any CPU
		{CECD48A8-7653-4AD6-8276-5F60B3406517}.Debug|Any CPU.ActiveCfg = Debug|Any CPU
		{CECD48A8-7653-4AD6-8276-5F60B3406517}.Debug|Any CPU.Build.0 = Debug|Any CPU
		{CECD48A8-7653-4AD6-8276-5F60B3406517}.Release|Any CPU.ActiveCfg = Release|Any CPU
		{CECD48A8-7653-4AD6-8276-5F60B3406517}.Release|Any CPU.Build.0 = Release|Any CPU
		{83A1FBE2-A274-4364-807F-DBC1A84C725C}.Debug|Any CPU.ActiveCfg = Debug|Any CPU
		{83A1FBE2-A274-4364-807F-DBC1A84C725C}.Debug|Any CPU.Build.0 = Debug|Any CPU
		{83A1FBE2-A274-4364-807F-DBC1A84C725C}.Release|Any CPU.ActiveCfg = Release|Any CPU
		{83A1FBE2-A274-4364-807F-DBC1A84C725C}.Release|Any CPU.Build.0 = Release|Any CPU
	EndGlobalSection
	GlobalSection(SolutionProperties) = preSolution
		HideSolutionNode = FALSE
	EndGlobalSection
	GlobalSection(ExtensibilityGlobals) = postSolution
		SolutionGuid = {425078D9-8AF9-4DB1-8169-12CE890DA727}
	EndGlobalSection
EndGlobal
